// !$*UTF8*$!
{
	archiveVersion = 1;
	classes = {
	};
	objectVersion = 46;
	objects = {

/* Begin PBXBuildFile section */
		AFB0C4BF1D993F9D0084CF29 /* AppDelegate.swift in Sources */ = {isa = PBXBuildFile; fileRef = AFB0C4BE1D993F9D0084CF29 /* AppDelegate.swift */; };
		AFB0C4C11D993F9D0084CF29 /* ViewController.swift in Sources */ = {isa = PBXBuildFile; fileRef = AFB0C4C01D993F9D0084CF29 /* ViewController.swift */; };
		AFB0C4C41D993F9D0084CF29 /* Main.storyboard in Resources */ = {isa = PBXBuildFile; fileRef = AFB0C4C21D993F9D0084CF29 /* Main.storyboard */; };
		AFB0C4C61D993F9D0084CF29 /* Assets.xcassets in Resources */ = {isa = PBXBuildFile; fileRef = AFB0C4C51D993F9D0084CF29 /* Assets.xcassets */; };
		AFB0C4C91D993F9D0084CF29 /* LaunchScreen.storyboard in Resources */ = {isa = PBXBuildFile; fileRef = AFB0C4C71D993F9D0084CF29 /* LaunchScreen.storyboard */; };
		AFB0C4CE1D993F9D0084CF29 /* WeatherWheelFixed WatchKit App.app in Embed Watch Content */ = {isa = PBXBuildFile; fileRef = AFB0C4CD1D993F9D0084CF29 /* WeatherWheelFixed WatchKit App.app */; };
		AFB0C4D41D993F9D0084CF29 /* Interface.storyboard in Resources */ = {isa = PBXBuildFile; fileRef = AFB0C4D21D993F9D0084CF29 /* Interface.storyboard */; };
		AFB0C4D61D993F9D0084CF29 /* Assets.xcassets in Resources */ = {isa = PBXBuildFile; fileRef = AFB0C4D51D993F9D0084CF29 /* Assets.xcassets */; };
		AFB0C4DD1D993F9D0084CF29 /* WeatherWheelFixed WatchKit Extension.appex in Embed App Extensions */ = {isa = PBXBuildFile; fileRef = AFB0C4DC1D993F9D0084CF29 /* WeatherWheelFixed WatchKit Extension.appex */; settings = {ATTRIBUTES = (RemoveHeadersOnCopy, ); }; };
		AFB0C4E21D993F9D0084CF29 /* InterfaceController.swift in Sources */ = {isa = PBXBuildFile; fileRef = AFB0C4E11D993F9D0084CF29 /* InterfaceController.swift */; };
		AFB0C4E41D993F9D0084CF29 /* ExtensionDelegate.swift in Sources */ = {isa = PBXBuildFile; fileRef = AFB0C4E31D993F9D0084CF29 /* ExtensionDelegate.swift */; };
		AFB0C4E61D993F9D0084CF29 /* ComplicationController.swift in Sources */ = {isa = PBXBuildFile; fileRef = AFB0C4E51D993F9D0084CF29 /* ComplicationController.swift */; };
		AFB0C4E81D993F9D0084CF29 /* Assets.xcassets in Resources */ = {isa = PBXBuildFile; fileRef = AFB0C4E71D993F9D0084CF29 /* Assets.xcassets */; };
/* End PBXBuildFile section */

/* Begin PBXContainerItemProxy section */
		AFB0C4CF1D993F9D0084CF29 /* PBXContainerItemProxy */ = {
			isa = PBXContainerItemProxy;
			containerPortal = AFB0C4B31D993F9D0084CF29 /* Project object */;
			proxyType = 1;
			remoteGlobalIDString = AFB0C4CC1D993F9D0084CF29;
			remoteInfo = "WeatherWheelFixed WatchKit App";
		};
		AFB0C4DE1D993F9D0084CF29 /* PBXContainerItemProxy */ = {
			isa = PBXContainerItemProxy;
			containerPortal = AFB0C4B31D993F9D0084CF29 /* Project object */;
			proxyType = 1;
			remoteGlobalIDString = AFB0C4DB1D993F9D0084CF29;
			remoteInfo = "WeatherWheelFixed WatchKit Extension";
		};
/* End PBXContainerItemProxy section */

/* Begin PBXCopyFilesBuildPhase section */
		AFB0C4EF1D993F9D0084CF29 /* Embed App Extensions */ = {
			isa = PBXCopyFilesBuildPhase;
			buildActionMask = 2147483647;
			dstPath = "";
			dstSubfolderSpec = 13;
			files = (
				AFB0C4DD1D993F9D0084CF29 /* WeatherWheelFixed WatchKit Extension.appex in Embed App Extensions */,
			);
			name = "Embed App Extensions";
			runOnlyForDeploymentPostprocessing = 0;
		};
		AFB0C4F31D993F9D0084CF29 /* Embed Watch Content */ = {
			isa = PBXCopyFilesBuildPhase;
			buildActionMask = 2147483647;
			dstPath = "$(CONTENTS_FOLDER_PATH)/Watch";
			dstSubfolderSpec = 16;
			files = (
				AFB0C4CE1D993F9D0084CF29 /* WeatherWheelFixed WatchKit App.app in Embed Watch Content */,
			);
			name = "Embed Watch Content";
			runOnlyForDeploymentPostprocessing = 0;
		};
/* End PBXCopyFilesBuildPhase section */

/* Begin PBXFileReference section */
		AFB0C4BB1D993F9D0084CF29 /* WeatherWheelFixed.app */ = {isa = PBXFileReference; explicitFileType = wrapper.application; includeInIndex = 0; path = WeatherWheelFixed.app; sourceTree = BUILT_PRODUCTS_DIR; };
		AFB0C4BE1D993F9D0084CF29 /* AppDelegate.swift */ = {isa = PBXFileReference; lastKnownFileType = sourcecode.swift; path = AppDelegate.swift; sourceTree = "<group>"; };
		AFB0C4C01D993F9D0084CF29 /* ViewController.swift */ = {isa = PBXFileReference; lastKnownFileType = sourcecode.swift; path = ViewController.swift; sourceTree = "<group>"; };
		AFB0C4C31D993F9D0084CF29 /* Base */ = {isa = PBXFileReference; lastKnownFileType = file.storyboard; name = Base; path = Base.lproj/Main.storyboard; sourceTree = "<group>"; };
		AFB0C4C51D993F9D0084CF29 /* Assets.xcassets */ = {isa = PBXFileReference; lastKnownFileType = folder.assetcatalog; path = Assets.xcassets; sourceTree = "<group>"; };
		AFB0C4C81D993F9D0084CF29 /* Base */ = {isa = PBXFileReference; lastKnownFileType = file.storyboard; name = Base; path = Base.lproj/LaunchScreen.storyboard; sourceTree = "<group>"; };
		AFB0C4CA1D993F9D0084CF29 /* Info.plist */ = {isa = PBXFileReference; lastKnownFileType = text.plist.xml; path = Info.plist; sourceTree = "<group>"; };
		AFB0C4CD1D993F9D0084CF29 /* WeatherWheelFixed WatchKit App.app */ = {isa = PBXFileReference; explicitFileType = wrapper.application; includeInIndex = 0; path = "WeatherWheelFixed WatchKit App.app"; sourceTree = BUILT_PRODUCTS_DIR; };
		AFB0C4D31D993F9D0084CF29 /* Base */ = {isa = PBXFileReference; lastKnownFileType = file.storyboard; name = Base; path = Base.lproj/Interface.storyboard; sourceTree = "<group>"; };
		AFB0C4D51D993F9D0084CF29 /* Assets.xcassets */ = {isa = PBXFileReference; lastKnownFileType = folder.assetcatalog; path = Assets.xcassets; sourceTree = "<group>"; };
		AFB0C4D71D993F9D0084CF29 /* Info.plist */ = {isa = PBXFileReference; lastKnownFileType = text.plist.xml; path = Info.plist; sourceTree = "<group>"; };
		AFB0C4DC1D993F9D0084CF29 /* WeatherWheelFixed WatchKit Extension.appex */ = {isa = PBXFileReference; explicitFileType = "wrapper.app-extension"; includeInIndex = 0; path = "WeatherWheelFixed WatchKit Extension.appex"; sourceTree = BUILT_PRODUCTS_DIR; };
		AFB0C4E11D993F9D0084CF29 /* InterfaceController.swift */ = {isa = PBXFileReference; lastKnownFileType = sourcecode.swift; path = InterfaceController.swift; sourceTree = "<group>"; };
		AFB0C4E31D993F9D0084CF29 /* ExtensionDelegate.swift */ = {isa = PBXFileReference; lastKnownFileType = sourcecode.swift; path = ExtensionDelegate.swift; sourceTree = "<group>"; };
		AFB0C4E51D993F9D0084CF29 /* ComplicationController.swift */ = {isa = PBXFileReference; lastKnownFileType = sourcecode.swift; path = ComplicationController.swift; sourceTree = "<group>"; };
		AFB0C4E71D993F9D0084CF29 /* Assets.xcassets */ = {isa = PBXFileReference; lastKnownFileType = folder.assetcatalog; path = Assets.xcassets; sourceTree = "<group>"; };
		AFB0C4E91D993F9D0084CF29 /* Info.plist */ = {isa = PBXFileReference; lastKnownFileType = text.plist.xml; path = Info.plist; sourceTree = "<group>"; };
/* End PBXFileReference section */

/* Begin PBXFrameworksBuildPhase section */
		AFB0C4B81D993F9D0084CF29 /* Frameworks */ = {
			isa = PBXFrameworksBuildPhase;
			buildActionMask = 2147483647;
			files = (
			);
			runOnlyForDeploymentPostprocessing = 0;
		};
		AFB0C4D91D993F9D0084CF29 /* Frameworks */ = {
			isa = PBXFrameworksBuildPhase;
			buildActionMask = 2147483647;
			files = (
			);
			runOnlyForDeploymentPostprocessing = 0;
		};
/* End PBXFrameworksBuildPhase section */

/* Begin PBXGroup section */
		AFB0C4B21D993F9D0084CF29 = {
			isa = PBXGroup;
			children = (
				AFB0C4BD1D993F9D0084CF29 /* WeatherWheelFixed */,
				AFB0C4D11D993F9D0084CF29 /* WeatherWheelFixed WatchKit App */,
				AFB0C4E01D993F9D0084CF29 /* WeatherWheelFixed WatchKit Extension */,
				AFB0C4BC1D993F9D0084CF29 /* Products */,
			);
			sourceTree = "<group>";
		};
		AFB0C4BC1D993F9D0084CF29 /* Products */ = {
			isa = PBXGroup;
			children = (
				AFB0C4BB1D993F9D0084CF29 /* WeatherWheelFixed.app */,
				AFB0C4CD1D993F9D0084CF29 /* WeatherWheelFixed WatchKit App.app */,
				AFB0C4DC1D993F9D0084CF29 /* WeatherWheelFixed WatchKit Extension.appex */,
			);
			name = Products;
			sourceTree = "<group>";
		};
		AFB0C4BD1D993F9D0084CF29 /* WeatherWheelFixed */ = {
			isa = PBXGroup;
			children = (
				AFB0C4BE1D993F9D0084CF29 /* AppDelegate.swift */,
				AFB0C4C01D993F9D0084CF29 /* ViewController.swift */,
				AFB0C4C21D993F9D0084CF29 /* Main.storyboard */,
				AFB0C4C51D993F9D0084CF29 /* Assets.xcassets */,
				AFB0C4C71D993F9D0084CF29 /* LaunchScreen.storyboard */,
				AFB0C4CA1D993F9D0084CF29 /* Info.plist */,
			);
			path = WeatherWheelFixed;
			sourceTree = "<group>";
		};
		AFB0C4D11D993F9D0084CF29 /* WeatherWheelFixed WatchKit App */ = {
			isa = PBXGroup;
			children = (
				AFB0C4D21D993F9D0084CF29 /* Interface.storyboard */,
				AFB0C4D51D993F9D0084CF29 /* Assets.xcassets */,
				AFB0C4D71D993F9D0084CF29 /* Info.plist */,
			);
			path = "WeatherWheelFixed WatchKit App";
			sourceTree = "<group>";
		};
		AFB0C4E01D993F9D0084CF29 /* WeatherWheelFixed WatchKit Extension */ = {
			isa = PBXGroup;
			children = (
				AFB0C4E11D993F9D0084CF29 /* InterfaceController.swift */,
				AFB0C4E31D993F9D0084CF29 /* ExtensionDelegate.swift */,
				AFB0C4E51D993F9D0084CF29 /* ComplicationController.swift */,
				AFB0C4E71D993F9D0084CF29 /* Assets.xcassets */,
				AFB0C4E91D993F9D0084CF29 /* Info.plist */,
			);
			path = "WeatherWheelFixed WatchKit Extension";
			sourceTree = "<group>";
		};
/* End PBXGroup section */

/* Begin PBXNativeTarget section */
		AFB0C4BA1D993F9D0084CF29 /* WeatherWheelFixed */ = {
			isa = PBXNativeTarget;
			buildConfigurationList = AFB0C4F41D993F9D0084CF29 /* Build configuration list for PBXNativeTarget "WeatherWheelFixed" */;
			buildPhases = (
				AFB0C4B71D993F9D0084CF29 /* Sources */,
				AFB0C4B81D993F9D0084CF29 /* Frameworks */,
				AFB0C4B91D993F9D0084CF29 /* Resources */,
				AFB0C4F31D993F9D0084CF29 /* Embed Watch Content */,
			);
			buildRules = (
			);
			dependencies = (
				AFB0C4D01D993F9D0084CF29 /* PBXTargetDependency */,
			);
			name = WeatherWheelFixed;
			productName = WeatherWheelFixed;
			productReference = AFB0C4BB1D993F9D0084CF29 /* WeatherWheelFixed.app */;
			productType = "com.apple.product-type.application";
		};
		AFB0C4CC1D993F9D0084CF29 /* WeatherWheelFixed WatchKit App */ = {
			isa = PBXNativeTarget;
			buildConfigurationList = AFB0C4F01D993F9D0084CF29 /* Build configuration list for PBXNativeTarget "WeatherWheelFixed WatchKit App" */;
			buildPhases = (
				AFB0C4CB1D993F9D0084CF29 /* Resources */,
				AFB0C4EF1D993F9D0084CF29 /* Embed App Extensions */,
			);
			buildRules = (
			);
			dependencies = (
				AFB0C4DF1D993F9D0084CF29 /* PBXTargetDependency */,
			);
			name = "WeatherWheelFixed WatchKit App";
			productName = "WeatherWheelFixed WatchKit App";
			productReference = AFB0C4CD1D993F9D0084CF29 /* WeatherWheelFixed WatchKit App.app */;
			productType = "com.apple.product-type.application.watchapp2";
		};
		AFB0C4DB1D993F9D0084CF29 /* WeatherWheelFixed WatchKit Extension */ = {
			isa = PBXNativeTarget;
			buildConfigurationList = AFB0C4EC1D993F9D0084CF29 /* Build configuration list for PBXNativeTarget "WeatherWheelFixed WatchKit Extension" */;
			buildPhases = (
				AFB0C4D81D993F9D0084CF29 /* Sources */,
				AFB0C4D91D993F9D0084CF29 /* Frameworks */,
				AFB0C4DA1D993F9D0084CF29 /* Resources */,
			);
			buildRules = (
			);
			dependencies = (
			);
			name = "WeatherWheelFixed WatchKit Extension";
			productName = "WeatherWheelFixed WatchKit Extension";
			productReference = AFB0C4DC1D993F9D0084CF29 /* WeatherWheelFixed WatchKit Extension.appex */;
			productType = "com.apple.product-type.watchkit2-extension";
		};
/* End PBXNativeTarget section */

/* Begin PBXProject section */
		AFB0C4B31D993F9D0084CF29 /* Project object */ = {
			isa = PBXProject;
			attributes = {
				LastSwiftUpdateCheck = 0730;
				LastUpgradeCheck = 0730;
				ORGANIZATIONNAME = tangital;
				TargetAttributes = {
					AFB0C4BA1D993F9D0084CF29 = {
						CreatedOnToolsVersion = 7.3.1;
					};
					AFB0C4CC1D993F9D0084CF29 = {
						CreatedOnToolsVersion = 7.3.1;
					};
					AFB0C4DB1D993F9D0084CF29 = {
						CreatedOnToolsVersion = 7.3.1;
					};
				};
			};
			buildConfigurationList = AFB0C4B61D993F9D0084CF29 /* Build configuration list for PBXProject "WeatherWheelFixed" */;
			compatibilityVersion = "Xcode 3.2";
			developmentRegion = English;
			hasScannedForEncodings = 0;
			knownRegions = (
				en,
				Base,
			);
			mainGroup = AFB0C4B21D993F9D0084CF29;
			productRefGroup = AFB0C4BC1D993F9D0084CF29 /* Products */;
			projectDirPath = "";
			projectRoot = "";
			targets = (
				AFB0C4BA1D993F9D0084CF29 /* WeatherWheelFixed */,
				AFB0C4CC1D993F9D0084CF29 /* WeatherWheelFixed WatchKit App */,
				AFB0C4DB1D993F9D0084CF29 /* WeatherWheelFixed WatchKit Extension */,
			);
		};
/* End PBXProject section */

/* Begin PBXResourcesBuildPhase section */
		AFB0C4B91D993F9D0084CF29 /* Resources */ = {
			isa = PBXResourcesBuildPhase;
			buildActionMask = 2147483647;
			files = (
				AFB0C4C91D993F9D0084CF29 /* LaunchScreen.storyboard in Resources */,
				AFB0C4C61D993F9D0084CF29 /* Assets.xcassets in Resources */,
				AFB0C4C41D993F9D0084CF29 /* Main.storyboard in Resources */,
			);
			runOnlyForDeploymentPostprocessing = 0;
		};
		AFB0C4CB1D993F9D0084CF29 /* Resources */ = {
			isa = PBXResourcesBuildPhase;
			buildActionMask = 2147483647;
			files = (
				AFB0C4D61D993F9D0084CF29 /* Assets.xcassets in Resources */,
				AFB0C4D41D993F9D0084CF29 /* Interface.storyboard in Resources */,
			);
			runOnlyForDeploymentPostprocessing = 0;
		};
		AFB0C4DA1D993F9D0084CF29 /* Resources */ = {
			isa = PBXResourcesBuildPhase;
			buildActionMask = 2147483647;
			files = (
				AFB0C4E81D993F9D0084CF29 /* Assets.xcassets in Resources */,
			);
			runOnlyForDeploymentPostprocessing = 0;
		};
/* End PBXResourcesBuildPhase section */

/* Begin PBXSourcesBuildPhase section */
		AFB0C4B71D993F9D0084CF29 /* Sources */ = {
			isa = PBXSourcesBuildPhase;
			buildActionMask = 2147483647;
			files = (
				AFB0C4C11D993F9D0084CF29 /* ViewController.swift in Sources */,
				AFB0C4BF1D993F9D0084CF29 /* AppDelegate.swift in Sources */,
			);
			runOnlyForDeploymentPostprocessing = 0;
		};
		AFB0C4D81D993F9D0084CF29 /* Sources */ = {
			isa = PBXSourcesBuildPhase;
			buildActionMask = 2147483647;
			files = (
				AFB0C4E41D993F9D0084CF29 /* ExtensionDelegate.swift in Sources */,
				AFB0C4E21D993F9D0084CF29 /* InterfaceController.swift in Sources */,
				AFB0C4E61D993F9D0084CF29 /* ComplicationController.swift in Sources */,
			);
			runOnlyForDeploymentPostprocessing = 0;
		};
/* End PBXSourcesBuildPhase section */

/* Begin PBXTargetDependency section */
		AFB0C4D01D993F9D0084CF29 /* PBXTargetDependency */ = {
			isa = PBXTargetDependency;
			target = AFB0C4CC1D993F9D0084CF29 /* WeatherWheelFixed WatchKit App */;
			targetProxy = AFB0C4CF1D993F9D0084CF29 /* PBXContainerItemProxy */;
		};
		AFB0C4DF1D993F9D0084CF29 /* PBXTargetDependency */ = {
			isa = PBXTargetDependency;
			target = AFB0C4DB1D993F9D0084CF29 /* WeatherWheelFixed WatchKit Extension */;
			targetProxy = AFB0C4DE1D993F9D0084CF29 /* PBXContainerItemProxy */;
		};
/* End PBXTargetDependency section */

/* Begin PBXVariantGroup section */
		AFB0C4C21D993F9D0084CF29 /* Main.storyboard */ = {
			isa = PBXVariantGroup;
			children = (
				AFB0C4C31D993F9D0084CF29 /* Base */,
			);
			name = Main.storyboard;
			sourceTree = "<group>";
		};
		AFB0C4C71D993F9D0084CF29 /* LaunchScreen.storyboard */ = {
			isa = PBXVariantGroup;
			children = (
				AFB0C4C81D993F9D0084CF29 /* Base */,
			);
			name = LaunchScreen.storyboard;
			sourceTree = "<group>";
		};
		AFB0C4D21D993F9D0084CF29 /* Interface.storyboard */ = {
			isa = PBXVariantGroup;
			children = (
				AFB0C4D31D993F9D0084CF29 /* Base */,
			);
			name = Interface.storyboard;
			sourceTree = "<group>";
		};
/* End PBXVariantGroup section */

/* Begin XCBuildConfiguration section */
		AFB0C4EA1D993F9D0084CF29 /* Debug */ = {
			isa = XCBuildConfiguration;
			buildSettings = {
				ALWAYS_SEARCH_USER_PATHS = NO;
				CLANG_ANALYZER_NONNULL = YES;
				CLANG_CXX_LANGUAGE_STANDARD = "gnu++0x";
				CLANG_CXX_LIBRARY = "libc++";
				CLANG_ENABLE_MODULES = YES;
				CLANG_ENABLE_OBJC_ARC = YES;
				CLANG_WARN_BOOL_CONVERSION = YES;
				CLANG_WARN_CONSTANT_CONVERSION = YES;
				CLANG_WARN_DIRECT_OBJC_ISA_USAGE = YES_ERROR;
				CLANG_WARN_EMPTY_BODY = YES;
				CLANG_WARN_ENUM_CONVERSION = YES;
				CLANG_WARN_INT_CONVERSION = YES;
				CLANG_WARN_OBJC_ROOT_CLASS = YES_ERROR;
				CLANG_WARN_UNREACHABLE_CODE = YES;
				CLANG_WARN__DUPLICATE_METHOD_MATCH = YES;
				"CODE_SIGN_IDENTITY[sdk=iphoneos*]" = "iPhone Developer";
				COPY_PHASE_STRIP = NO;
				DEBUG_INFORMATION_FORMAT = dwarf;
				ENABLE_STRICT_OBJC_MSGSEND = YES;
				ENABLE_TESTABILITY = YES;
				GCC_C_LANGUAGE_STANDARD = gnu99;
				GCC_DYNAMIC_NO_PIC = NO;
				GCC_NO_COMMON_BLOCKS = YES;
				GCC_OPTIMIZATION_LEVEL = 0;
				GCC_PREPROCESSOR_DEFINITIONS = (
					"DEBUG=1",
					"$(inherited)",
				);
				GCC_WARN_64_TO_32_BIT_CONVERSION = YES;
				GCC_WARN_ABOUT_RETURN_TYPE = YES_ERROR;
				GCC_WARN_UNDECLARED_SELECTOR = YES;
				GCC_WARN_UNINITIALIZED_AUTOS = YES_AGGRESSIVE;
				GCC_WARN_UNUSED_FUNCTION = YES;
				GCC_WARN_UNUSED_VARIABLE = YES;
				IPHONEOS_DEPLOYMENT_TARGET = 9.3;
				MTL_ENABLE_DEBUG_INFO = YES;
				ONLY_ACTIVE_ARCH = YES;
				SDKROOT = iphoneos;
				SWIFT_OPTIMIZATION_LEVEL = "-Onone";
				TARGETED_DEVICE_FAMILY = "1,2";
			};
			name = Debug;
		};
		AFB0C4EB1D993F9D0084CF29 /* Release */ = {
			isa = XCBuildConfiguration;
			buildSettings = {
				ALWAYS_SEARCH_USER_PATHS = NO;
				CLANG_ANALYZER_NONNULL = YES;
				CLANG_CXX_LANGUAGE_STANDARD = "gnu++0x";
				CLANG_CXX_LIBRARY = "libc++";
				CLANG_ENABLE_MODULES = YES;
				CLANG_ENABLE_OBJC_ARC = YES;
				CLANG_WARN_BOOL_CONVERSION = YES;
				CLANG_WARN_CONSTANT_CONVERSION = YES;
				CLANG_WARN_DIRECT_OBJC_ISA_USAGE = YES_ERROR;
				CLANG_WARN_EMPTY_BODY = YES;
				CLANG_WARN_ENUM_CONVERSION = YES;
				CLANG_WARN_INT_CONVERSION = YES;
				CLANG_WARN_OBJC_ROOT_CLASS = YES_ERROR;
				CLANG_WARN_UNREACHABLE_CODE = YES;
				CLANG_WARN__DUPLICATE_METHOD_MATCH = YES;
				"CODE_SIGN_IDENTITY[sdk=iphoneos*]" = "iPhone Developer";
				COPY_PHASE_STRIP = NO;
				DEBUG_INFORMATION_FORMAT = "dwarf-with-dsym";
				ENABLE_NS_ASSERTIONS = NO;
				ENABLE_STRICT_OBJC_MSGSEND = YES;
				GCC_C_LANGUAGE_STANDARD = gnu99;
				GCC_NO_COMMON_BLOCKS = YES;
				GCC_WARN_64_TO_32_BIT_CONVERSION = YES;
				GCC_WARN_ABOUT_RETURN_TYPE = YES_ERROR;
				GCC_WARN_UNDECLARED_SELECTOR = YES;
				GCC_WARN_UNINITIALIZED_AUTOS = YES_AGGRESSIVE;
				GCC_WARN_UNUSED_FUNCTION = YES;
				GCC_WARN_UNUSED_VARIABLE = YES;
				IPHONEOS_DEPLOYMENT_TARGET = 9.3;
				MTL_ENABLE_DEBUG_INFO = NO;
				SDKROOT = iphoneos;
				TARGETED_DEVICE_FAMILY = "1,2";
				VALIDATE_PRODUCT = YES;
			};
			name = Release;
		};
		AFB0C4ED1D993F9D0084CF29 /* Debug */ = {
			isa = XCBuildConfiguration;
			buildSettings = {
				ASSETCATALOG_COMPILER_COMPLICATION_NAME = Complication;
				INFOPLIST_FILE = "WeatherWheelFixed WatchKit Extension/Info.plist";
				LD_RUNPATH_SEARCH_PATHS = "$(inherited) @executable_path/Frameworks @executable_path/../../Frameworks";
				PRODUCT_BUNDLE_IDENTIFIER = com.tangital.WeatherWheelFixed.watchkitapp.watchkitextension;
				PRODUCT_NAME = "${TARGET_NAME}";
				SDKROOT = watchos;
				SKIP_INSTALL = YES;
				TARGETED_DEVICE_FAMILY = 4;
				WATCHOS_DEPLOYMENT_TARGET = 2.2;
			};
			name = Debug;
		};
		AFB0C4EE1D993F9D0084CF29 /* Release */ = {
			isa = XCBuildConfiguration;
			buildSettings = {
				ASSETCATALOG_COMPILER_COMPLICATION_NAME = Complication;
				INFOPLIST_FILE = "WeatherWheelFixed WatchKit Extension/Info.plist";
				LD_RUNPATH_SEARCH_PATHS = "$(inherited) @executable_path/Frameworks @executable_path/../../Frameworks";
				PRODUCT_BUNDLE_IDENTIFIER = com.tangital.WeatherWheelFixed.watchkitapp.watchkitextension;
				PRODUCT_NAME = "${TARGET_NAME}";
				SDKROOT = watchos;
				SKIP_INSTALL = YES;
				TARGETED_DEVICE_FAMILY = 4;
				WATCHOS_DEPLOYMENT_TARGET = 2.2;
			};
			name = Release;
		};
		AFB0C4F11D993F9D0084CF29 /* Debug */ = {
			isa = XCBuildConfiguration;
			buildSettings = {
				ASSETCATALOG_COMPILER_APPICON_NAME = AppIcon;
				EMBEDDED_CONTENT_CONTAINS_SWIFT = YES;
				IBSC_MODULE = WeatherWheelFixed_WatchKit_Extension;
				INFOPLIST_FILE = "WeatherWheelFixed WatchKit App/Info.plist";
				PRODUCT_BUNDLE_IDENTIFIER = com.tangital.WeatherWheelFixed.watchkitapp;
				PRODUCT_NAME = "$(TARGET_NAME)";
				SDKROOT = watchos;
				SKIP_INSTALL = YES;
				TARGETED_DEVICE_FAMILY = 4;
				WATCHOS_DEPLOYMENT_TARGET = 2.2;
			};
			name = Debug;
		};
		AFB0C4F21D993F9D0084CF29 /* Release */ = {
			isa = XCBuildConfiguration;
			buildSettings = {
				ASSETCATALOG_COMPILER_APPICON_NAME = AppIcon;
				EMBEDDED_CONTENT_CONTAINS_SWIFT = YES;
				IBSC_MODULE = WeatherWheelFixed_WatchKit_Extension;
				INFOPLIST_FILE = "WeatherWheelFixed WatchKit App/Info.plist";
				PRODUCT_BUNDLE_IDENTIFIER = com.tangital.WeatherWheelFixed.watchkitapp;
				PRODUCT_NAME = "$(TARGET_NAME)";
				SDKROOT = watchos;
				SKIP_INSTALL = YES;
				TARGETED_DEVICE_FAMILY = 4;
				WATCHOS_DEPLOYMENT_TARGET = 2.2;
			};
			name = Release;
		};
		AFB0C4F51D993F9D0084CF29 /* Debug */ = {
			isa = XCBuildConfiguration;
			buildSettings = {
				ASSETCATALOG_COMPILER_APPICON_NAME = AppIcon;
				INFOPLIST_FILE = WeatherWheelFixed/Info.plist;
				LD_RUNPATH_SEARCH_PATHS = "$(inherited) @executable_path/Frameworks";
				PRODUCT_BUNDLE_IDENTIFIER = com.tangital.WeatherWheelFixed;
				PRODUCT_NAME = "$(TARGET_NAME)";
			};
			name = Debug;
		};
		AFB0C4F61D993F9D0084CF29 /* Release */ = {
			isa = XCBuildConfiguration;
			buildSettings = {
				ASSETCATALOG_COMPILER_APPICON_NAME = AppIcon;
				INFOPLIST_FILE = WeatherWheelFixed/Info.plist;
				LD_RUNPATH_SEARCH_PATHS = "$(inherited) @executable_path/Frameworks";
				PRODUCT_BUNDLE_IDENTIFIER = com.tangital.WeatherWheelFixed;
				PRODUCT_NAME = "$(TARGET_NAME)";
			};
			name = Release;
		};
/* End XCBuildConfiguration section */

/* Begin XCConfigurationList section */
		AFB0C4B61D993F9D0084CF29 /* Build configuration list for PBXProject "WeatherWheelFixed" */ = {
			isa = XCConfigurationList;
			buildConfigurations = (
				AFB0C4EA1D993F9D0084CF29 /* Debug */,
				AFB0C4EB1D993F9D0084CF29 /* Release */,
			);
			defaultConfigurationIsVisible = 0;
			defaultConfigurationName = Release;
		};
		AFB0C4EC1D993F9D0084CF29 /* Build configuration list for PBXNativeTarget "WeatherWheelFixed WatchKit Extension" */ = {
			isa = XCConfigurationList;
			buildConfigurations = (
				AFB0C4ED1D993F9D0084CF29 /* Debug */,
				AFB0C4EE1D993F9D0084CF29 /* Release */,
			);
			defaultConfigurationIsVisible = 0;
		};
		AFB0C4F01D993F9D0084CF29 /* Build configuration list for PBXNativeTarget "WeatherWheelFixed WatchKit App" */ = {
			isa = XCConfigurationList;
			buildConfigurations = (
				AFB0C4F11D993F9D0084CF29 /* Debug */,
				AFB0C4F21D993F9D0084CF29 /* Release */,
			);
			defaultConfigurationIsVisible = 0;
		};
		AFB0C4F41D993F9D0084CF29 /* Build configuration list for PBXNativeTarget "WeatherWheelFixed" */ = {
			isa = XCConfigurationList;
			buildConfigurations = (
				AFB0C4F51D993F9D0084CF29 /* Debug */,
				AFB0C4F61D993F9D0084CF29 /* Release */,
			);
			defaultConfigurationIsVisible = 0;
		};
/* End XCConfigurationList section */
	};
	rootObject = AFB0C4B31D993F9D0084CF29 /* Project object */;
}
